
Microsoft Visual Studio Solution File, Format Version 12.00
# Visual Studio 15
VisualStudioVersion = 15.0.27703.2018
MinimumVisualStudioVersion = 10.0.40219.1
Project("{FAE04EC0-301F-11D3-BF4B-00C04F79EFBC}") = "StardewModHelper", "StardewModHelper\StardewModHelper.csproj", "{110E4DE7-F0BE-4E4C-8943-41A7BF57B1BE}"
EndProject
Global
	GlobalSection(SolutionConfigurationPlatforms) = preSolution
		Debug|Any CPU = Debug|Any CPU
		Release|Any CPU = Release|Any CPU
	EndGlobalSection
	GlobalSection(ProjectConfigurationPlatforms) = postSolution
		{110E4DE7-F0BE-4E4C-8943-41A7BF57B1BE}.Debug|Any CPU.ActiveCfg = Debug|Any CPU
		{110E4DE7-F0BE-4E4C-8943-41A7BF57B1BE}.Debug|Any CPU.Build.0 = Debug|Any CPU
		{110E4DE7-F0BE-4E4C-8943-41A7BF57B1BE}.Release|Any CPU.ActiveCfg = Release|Any CPU
		{110E4DE7-F0BE-4E4C-8943-41A7BF57B1BE}.Release|Any CPU.Build.0 = Release|Any CPU
	EndGlobalSection
	GlobalSection(SolutionProperties) = preSolution
		HideSolutionNode = FALSE
	EndGlobalSection
	GlobalSection(ExtensibilityGlobals) = postSolution
		SolutionGuid = {1575F88C-5690-43BE-A700-AA43F6EC6F8A}
	EndGlobalSection
EndGlobal
